
Microsoft Visual Studio Solution File, Format Version 12.00
# Visual Studio 15
VisualStudioVersion = 15.0.27428.2002
MinimumVisualStudioVersion = 10.0.40219.1
Project("{FAE04EC0-301F-11D3-BF4B-00C04F79EFBC}") = "Our.Umbraco.ezSearch", "Our.Umbraco.ezSearch\Our.Umbraco.ezSearch.csproj", "{ACAFC717-342E-40FF-8EC4-4E47F6734D71}"
EndProject
Global
	GlobalSection(SolutionConfigurationPlatforms) = preSolution
		Debug|Any CPU = Debug|Any CPU
		Release|Any CPU = Release|Any CPU
	EndGlobalSection
	GlobalSection(ProjectConfigurationPlatforms) = postSolution
		{ACAFC717-342E-40FF-8EC4-4E47F6734D71}.Debug|Any CPU.ActiveCfg = Debug|Any CPU
		{ACAFC717-342E-40FF-8EC4-4E47F6734D71}.Debug|Any CPU.Build.0 = Debug|Any CPU
		{ACAFC717-342E-40FF-8EC4-4E47F6734D71}.Release|Any CPU.ActiveCfg = Release|Any CPU
		{ACAFC717-342E-40FF-8EC4-4E47F6734D71}.Release|Any CPU.Build.0 = Release|Any CPU
	EndGlobalSection
	GlobalSection(SolutionProperties) = preSolution
		HideSolutionNode = FALSE
	EndGlobalSection
	GlobalSection(ExtensibilityGlobals) = postSolution
		SolutionGuid = {D297CAF2-43CB-47BB-BB34-401C44891F37}
	EndGlobalSection
EndGlobal
